// !$*UTF8*$!
{
	archiveVersion = 1;
	classes = {
	};
	objectVersion = 46;
	objects = {

/* Begin PBXBuildFile section */
		04BFE4481DF4388E00CC4B72 /* main.m in Sources */ = {isa = PBXBuildFile; fileRef = 04BFE4471DF4388E00CC4B72 /* main.m */; };
		04BFE44B1DF4388E00CC4B72 /* AppDelegate.m in Sources */ = {isa = PBXBuildFile; fileRef = 04BFE44A1DF4388E00CC4B72 /* AppDelegate.m */; };
		04BFE44E1DF4388E00CC4B72 /* ViewController.m in Sources */ = {isa = PBXBuildFile; fileRef = 04BFE44D1DF4388E00CC4B72 /* ViewController.m */; };
		04BFE4511DF4388E00CC4B72 /* Main.storyboard in Resources */ = {isa = PBXBuildFile; fileRef = 04BFE44F1DF4388E00CC4B72 /* Main.storyboard */; };
		04BFE4531DF4388E00CC4B72 /* Assets.xcassets in Resources */ = {isa = PBXBuildFile; fileRef = 04BFE4521DF4388E00CC4B72 /* Assets.xcassets */; };
		04BFE4561DF4388E00CC4B72 /* LaunchScreen.storyboard in Resources */ = {isa = PBXBuildFile; fileRef = 04BFE4541DF4388E00CC4B72 /* LaunchScreen.storyboard */; };
/* End PBXBuildFile section */

/* Begin PBXFileReference section */
		04BFE4431DF4388D00CC4B72 /* RWPlayerView.app */ = {isa = PBXFileReference; explicitFileType = wrapper.application; includeInIndex = 0; path = RWPlayerView.app; sourceTree = BUILT_PRODUCTS_DIR; };
		04BFE4471DF4388E00CC4B72 /* main.m */ = {isa = PBXFileReference; lastKnownFileType = sourcecode.c.objc; path = main.m; sourceTree = "<group>"; };
		04BFE4491DF4388E00CC4B72 /* AppDelegate.h */ = {isa = PBXFileReference; lastKnownFileType = sourcecode.c.h; name = AppDelegate.h; path = ../../AppDelegate.h; sourceTree = "<group>"; };
		04BFE44A1DF4388E00CC4B72 /* AppDelegate.m */ = {isa = PBXFileReference; lastKnownFileType = sourcecode.c.objc; name = AppDelegate.m; path = ../../AppDelegate.m; sourceTree = "<group>"; };
		04BFE44C1DF4388E00CC4B72 /* ViewController.h */ = {isa = PBXFileReference; lastKnownFileType = sourcecode.c.h; name = ViewController.h; path = ../../ViewController.h; sourceTree = "<group>"; };
		04BFE44D1DF4388E00CC4B72 /* ViewController.m */ = {isa = PBXFileReference; lastKnownFileType = sourcecode.c.objc; name = ViewController.m; path = ../../ViewController.m; sourceTree = "<group>"; };
		04BFE4501DF4388E00CC4B72 /* Base */ = {isa = PBXFileReference; lastKnownFileType = file.storyboard; name = Base; path = Base.lproj/Main.storyboard; sourceTree = "<group>"; };
		04BFE4521DF4388E00CC4B72 /* Assets.xcassets */ = {isa = PBXFileReference; lastKnownFileType = folder.assetcatalog; path = Assets.xcassets; sourceTree = "<group>"; };
		04BFE4551DF4388E00CC4B72 /* Base */ = {isa = PBXFileReference; lastKnownFileType = file.storyboard; name = Base; path = Base.lproj/LaunchScreen.storyboard; sourceTree = "<group>"; };
		04BFE4571DF4388E00CC4B72 /* Info.plist */ = {isa = PBXFileReference; lastKnownFileType = text.plist.xml; path = Info.plist; sourceTree = "<group>"; };
/* End PBXFileReference section */

/* Begin PBXFrameworksBuildPhase section */
		04BFE4401DF4388D00CC4B72 /* Frameworks */ = {
			isa = PBXFrameworksBuildPhase;
			buildActionMask = 2147483647;
			files = (
			);
			runOnlyForDeploymentPostprocessing = 0;
		};
/* End PBXFrameworksBuildPhase section */

/* Begin PBXGroup section */
		04BFE43A1DF4388D00CC4B72 = {
			isa = PBXGroup;
			children = (
				04BFE4451DF4388E00CC4B72 /* RWPlayerView */,
				04BFE4441DF4388D00CC4B72 /* Products */,
			);
			sourceTree = "<group>";
		};
		04BFE4441DF4388D00CC4B72 /* Products */ = {
			isa = PBXGroup;
			children = (
				04BFE4431DF4388D00CC4B72 /* RWPlayerView.app */,
			);
			name = Products;
			sourceTree = "<group>";
		};
		04BFE4451DF4388E00CC4B72 /* RWPlayerView */ = {
			isa = PBXGroup;
			children = (
				04BFE45D1DF4397300CC4B72 /* Classes */,
				04BFE4461DF4388E00CC4B72 /* Supporting Files */,
			);
			path = RWPlayerView;
			sourceTree = "<group>";
		};
		04BFE4461DF4388E00CC4B72 /* Supporting Files */ = {
			isa = PBXGroup;
			children = (
				04BFE44F1DF4388E00CC4B72 /* Main.storyboard */,
				04BFE4521DF4388E00CC4B72 /* Assets.xcassets */,
				04BFE4541DF4388E00CC4B72 /* LaunchScreen.storyboard */,
				04BFE4571DF4388E00CC4B72 /* Info.plist */,
				04BFE4471DF4388E00CC4B72 /* main.m */,
			);
			name = "Supporting Files";
			sourceTree = "<group>";
		};
		04BFE45D1DF4397300CC4B72 /* Classes */ = {
			isa = PBXGroup;
			children = (
				04BFE45E1DF4397300CC4B72 /* Controllers */,
				04BFE45F1DF4397300CC4B72 /* Models */,
				04BFE4601DF4397300CC4B72 /* Others */,
				04BFE4611DF4397300CC4B72 /* RWPlayerViewTools */,
				04BFE4661DF4397300CC4B72 /* Views */,
			);
			path = Classes;
			sourceTree = "<group>";
		};
		04BFE45E1DF4397300CC4B72 /* Controllers */ = {
			isa = PBXGroup;
			children = (
				04BFE44C1DF4388E00CC4B72 /* ViewController.h */,
				04BFE44D1DF4388E00CC4B72 /* ViewController.m */,
			);
			path = Controllers;
			sourceTree = "<group>";
		};
		04BFE45F1DF4397300CC4B72 /* Models */ = {
			isa = PBXGroup;
			children = (
			);
			path = Models;
			sourceTree = "<group>";
		};
		04BFE4601DF4397300CC4B72 /* Others */ = {
			isa = PBXGroup;
			children = (
				04BFE4491DF4388E00CC4B72 /* AppDelegate.h */,
				04BFE44A1DF4388E00CC4B72 /* AppDelegate.m */,
			);
			path = Others;
			sourceTree = "<group>";
		};
		04BFE4611DF4397300CC4B72 /* RWPlayerViewTools */ = {
			isa = PBXGroup;
			children = (
				04BFE4621DF4397300CC4B72 /* Controllers */,
				04BFE4631DF4397300CC4B72 /* Others */,
				04BFE4641DF4397300CC4B72 /* ThirdLib */,
				04BFE4651DF4397300CC4B72 /* Tools */,
			);
			path = RWPlayerViewTools;
			sourceTree = "<group>";
		};
		04BFE4621DF4397300CC4B72 /* Controllers */ = {
			isa = PBXGroup;
			children = (
			);
			path = Controllers;
			sourceTree = "<group>";
		};
		04BFE4631DF4397300CC4B72 /* Others */ = {
			isa = PBXGroup;
			children = (
			);
			path = Others;
			sourceTree = "<group>";
		};
		04BFE4641DF4397300CC4B72 /* ThirdLib */ = {
			isa = PBXGroup;
			children = (
			);
			path = ThirdLib;
			sourceTree = "<group>";
		};
		04BFE4651DF4397300CC4B72 /* Tools */ = {
			isa = PBXGroup;
			children = (
			);
			path = Tools;
			sourceTree = "<group>";
		};
		04BFE4661DF4397300CC4B72 /* Views */ = {
			isa = PBXGroup;
			children = (
			);
			path = Views;
			sourceTree = "<group>";
		};
/* End PBXGroup section */

/* Begin PBXNativeTarget section */
		04BFE4421DF4388D00CC4B72 /* RWPlayerView */ = {
			isa = PBXNativeTarget;
			buildConfigurationList = 04BFE45A1DF4388E00CC4B72 /* Build configuration list for PBXNativeTarget "RWPlayerView" */;
			buildPhases = (
				04BFE43F1DF4388D00CC4B72 /* Sources */,
				04BFE4401DF4388D00CC4B72 /* Frameworks */,
				04BFE4411DF4388D00CC4B72 /* Resources */,
			);
			buildRules = (
			);
			dependencies = (
			);
			name = RWPlayerView;
			productName = RWPlayerView;
			productReference = 04BFE4431DF4388D00CC4B72 /* RWPlayerView.app */;
			productType = "com.apple.product-type.application";
		};
/* End PBXNativeTarget section */

/* Begin PBXProject section */
		04BFE43B1DF4388D00CC4B72 /* Project object */ = {
			isa = PBXProject;
			attributes = {
				LastUpgradeCheck = 0810;
				ORGANIZATIONNAME = "紫荆秋雪";
				TargetAttributes = {
					04BFE4421DF4388D00CC4B72 = {
						CreatedOnToolsVersion = 8.1;
						ProvisioningStyle = Automatic;
					};
				};
			};
			buildConfigurationList = 04BFE43E1DF4388D00CC4B72 /* Build configuration list for PBXProject "RWPlayerView" */;
			compatibilityVersion = "Xcode 3.2";
			developmentRegion = English;
			hasScannedForEncodings = 0;
			knownRegions = (
				en,
				Base,
			);
			mainGroup = 04BFE43A1DF4388D00CC4B72;
			productRefGroup = 04BFE4441DF4388D00CC4B72 /* Products */;
			projectDirPath = "";
			projectRoot = "";
			targets = (
				04BFE4421DF4388D00CC4B72 /* RWPlayerView */,
			);
		};
/* End PBXProject section */

/* Begin PBXResourcesBuildPhase section */
		04BFE4411DF4388D00CC4B72 /* Resources */ = {
			isa = PBXResourcesBuildPhase;
			buildActionMask = 2147483647;
			files = (
				04BFE4561DF4388E00CC4B72 /* LaunchScreen.storyboard in Resources */,
				04BFE4531DF4388E00CC4B72 /* Assets.xcassets in Resources */,
				04BFE4511DF4388E00CC4B72 /* Main.storyboard in Resources */,
			);
			runOnlyForDeploymentPostprocessing = 0;
		};
/* End PBXResourcesBuildPhase section */

/* Begin PBXSourcesBuildPhase section */
		04BFE43F1DF4388D00CC4B72 /* Sources */ = {
			isa = PBXSourcesBuildPhase;
			buildActionMask = 2147483647;
			files = (
				04BFE44E1DF4388E00CC4B72 /* ViewController.m in Sources */,
				04BFE44B1DF4388E00CC4B72 /* AppDelegate.m in Sources */,
				04BFE4481DF4388E00CC4B72 /* main.m in Sources */,
			);
			runOnlyForDeploymentPostprocessing = 0;
		};
/* End PBXSourcesBuildPhase section */

/* Begin PBXVariantGroup section */
		04BFE44F1DF4388E00CC4B72 /* Main.storyboard */ = {
			isa = PBXVariantGroup;
			children = (
				04BFE4501DF4388E00CC4B72 /* Base */,
			);
			name = Main.storyboard;
			sourceTree = "<group>";
		};
		04BFE4541DF4388E00CC4B72 /* LaunchScreen.storyboard */ = {
			isa = PBXVariantGroup;
			children = (
				04BFE4551DF4388E00CC4B72 /* Base */,
			);
			name = LaunchScreen.storyboard;
			sourceTree = "<group>";
		};
/* End PBXVariantGroup section */

/* Begin XCBuildConfiguration section */
		04BFE4581DF4388E00CC4B72 /* Debug */ = {
			isa = XCBuildConfiguration;
			buildSettings = {
				ALWAYS_SEARCH_USER_PATHS = NO;
				CLANG_ANALYZER_NONNULL = YES;
				CLANG_CXX_LANGUAGE_STANDARD = "gnu++0x";
				CLANG_CXX_LIBRARY = "libc++";
				CLANG_ENABLE_MODULES = YES;
				CLANG_ENABLE_OBJC_ARC = YES;
				CLANG_WARN_BOOL_CONVERSION = YES;
				CLANG_WARN_CONSTANT_CONVERSION = YES;
				CLANG_WARN_DIRECT_OBJC_ISA_USAGE = YES_ERROR;
				CLANG_WARN_DOCUMENTATION_COMMENTS = YES;
				CLANG_WARN_EMPTY_BODY = YES;
				CLANG_WARN_ENUM_CONVERSION = YES;
				CLANG_WARN_INFINITE_RECURSION = YES;
				CLANG_WARN_INT_CONVERSION = YES;
				CLANG_WARN_OBJC_ROOT_CLASS = YES_ERROR;
				CLANG_WARN_SUSPICIOUS_MOVES = YES;
				CLANG_WARN_UNREACHABLE_CODE = YES;
				CLANG_WARN__DUPLICATE_METHOD_MATCH = YES;
				"CODE_SIGN_IDENTITY[sdk=iphoneos*]" = "iPhone Developer";
				COPY_PHASE_STRIP = NO;
				DEBUG_INFORMATION_FORMAT = dwarf;
				ENABLE_STRICT_OBJC_MSGSEND = YES;
				ENABLE_TESTABILITY = YES;
				GCC_C_LANGUAGE_STANDARD = gnu99;
				GCC_DYNAMIC_NO_PIC = NO;
				GCC_NO_COMMON_BLOCKS = YES;
				GCC_OPTIMIZATION_LEVEL = 0;
				GCC_PREPROCESSOR_DEFINITIONS = (
					"DEBUG=1",
					"$(inherited)",
				);
				GCC_WARN_64_TO_32_BIT_CONVERSION = YES;
				GCC_WARN_ABOUT_RETURN_TYPE = YES_ERROR;
				GCC_WARN_UNDECLARED_SELECTOR = YES;
				GCC_WARN_UNINITIALIZED_AUTOS = YES_AGGRESSIVE;
				GCC_WARN_UNUSED_FUNCTION = YES;
				GCC_WARN_UNUSED_VARIABLE = YES;
				IPHONEOS_DEPLOYMENT_TARGET = 10.1;
				MTL_ENABLE_DEBUG_INFO = YES;
				ONLY_ACTIVE_ARCH = YES;
				SDKROOT = iphoneos;
			};
			name = Debug;
		};
		04BFE4591DF4388E00CC4B72 /* Release */ = {
			isa = XCBuildConfiguration;
			buildSettings = {
				ALWAYS_SEARCH_USER_PATHS = NO;
				CLANG_ANALYZER_NONNULL = YES;
				CLANG_CXX_LANGUAGE_STANDARD = "gnu++0x";
				CLANG_CXX_LIBRARY = "libc++";
				CLANG_ENABLE_MODULES = YES;
				CLANG_ENABLE_OBJC_ARC = YES;
				CLANG_WARN_BOOL_CONVERSION = YES;
				CLANG_WARN_CONSTANT_CONVERSION = YES;
				CLANG_WARN_DIRECT_OBJC_ISA_USAGE = YES_ERROR;
				CLANG_WARN_DOCUMENTATION_COMMENTS = YES;
				CLANG_WARN_EMPTY_BODY = YES;
				CLANG_WARN_ENUM_CONVERSION = YES;
				CLANG_WARN_INFINITE_RECURSION = YES;
				CLANG_WARN_INT_CONVERSION = YES;
				CLANG_WARN_OBJC_ROOT_CLASS = YES_ERROR;
				CLANG_WARN_SUSPICIOUS_MOVES = YES;
				CLANG_WARN_UNREACHABLE_CODE = YES;
				CLANG_WARN__DUPLICATE_METHOD_MATCH = YES;
				"CODE_SIGN_IDENTITY[sdk=iphoneos*]" = "iPhone Developer";
				COPY_PHASE_STRIP = NO;
				DEBUG_INFORMATION_FORMAT = "dwarf-with-dsym";
				ENABLE_NS_ASSERTIONS = NO;
				ENABLE_STRICT_OBJC_MSGSEND = YES;
				GCC_C_LANGUAGE_STANDARD = gnu99;
				GCC_NO_COMMON_BLOCKS = YES;
				GCC_WARN_64_TO_32_BIT_CONVERSION = YES;
				GCC_WARN_ABOUT_RETURN_TYPE = YES_ERROR;
				GCC_WARN_UNDECLARED_SELECTOR = YES;
				GCC_WARN_UNINITIALIZED_AUTOS = YES_AGGRESSIVE;
				GCC_WARN_UNUSED_FUNCTION = YES;
				GCC_WARN_UNUSED_VARIABLE = YES;
				IPHONEOS_DEPLOYMENT_TARGET = 10.1;
				MTL_ENABLE_DEBUG_INFO = NO;
				SDKROOT = iphoneos;
				VALIDATE_PRODUCT = YES;
			};
			name = Release;
		};
		04BFE45B1DF4388E00CC4B72 /* Debug */ = {
			isa = XCBuildConfiguration;
			buildSettings = {
				ASSETCATALOG_COMPILER_APPICON_NAME = AppIcon;
				INFOPLIST_FILE = RWPlayerView/Info.plist;
				LD_RUNPATH_SEARCH_PATHS = "$(inherited) @executable_path/Frameworks";
				PRODUCT_BUNDLE_IDENTIFIER = cn.zjqx.RWPlayerView;
				PRODUCT_NAME = "$(TARGET_NAME)";
			};
			name = Debug;
		};
		04BFE45C1DF4388E00CC4B72 /* Release */ = {
			isa = XCBuildConfiguration;
			buildSettings = {
				ASSETCATALOG_COMPILER_APPICON_NAME = AppIcon;
				INFOPLIST_FILE = RWPlayerView/Info.plist;
				LD_RUNPATH_SEARCH_PATHS = "$(inherited) @executable_path/Frameworks";
				PRODUCT_BUNDLE_IDENTIFIER = cn.zjqx.RWPlayerView;
				PRODUCT_NAME = "$(TARGET_NAME)";
			};
			name = Release;
		};
/* End XCBuildConfiguration section */

/* Begin XCConfigurationList section */
		04BFE43E1DF4388D00CC4B72 /* Build configuration list for PBXProject "RWPlayerView" */ = {
			isa = XCConfigurationList;
			buildConfigurations = (
				04BFE4581DF4388E00CC4B72 /* Debug */,
				04BFE4591DF4388E00CC4B72 /* Release */,
			);
			defaultConfigurationIsVisible = 0;
			defaultConfigurationName = Release;
		};
		04BFE45A1DF4388E00CC4B72 /* Build configuration list for PBXNativeTarget "RWPlayerView" */ = {
			isa = XCConfigurationList;
			buildConfigurations = (
				04BFE45B1DF4388E00CC4B72 /* Debug */,
				04BFE45C1DF4388E00CC4B72 /* Release */,
			);
			defaultConfigurationIsVisible = 0;
		};
/* End XCConfigurationList section */
	};
	rootObject = 04BFE43B1DF4388D00CC4B72 /* Project object */;
}
